
Microsoft Visual Studio Solution File, Format Version 12.00
# Visual Studio Version 17
VisualStudioVersion = 17.13.35825.156 d17.13
MinimumVisualStudioVersion = 10.0.40219.1
Project("{FAE04EC0-301F-11D3-BF4B-00C04F79EFBC}") = "ApiWebProject", "ApiWebProject\ApiWebProject.csproj", "{C10CAC43-3E2C-4BFD-85BA-263828BE28AA}"
EndProject
Global
	GlobalSection(SolutionConfigurationPlatforms) = preSolution
		Debug|Any CPU = Debug|Any CPU
		Release|Any CPU = Release|Any CPU
	EndGlobalSection
	GlobalSection(ProjectConfigurationPlatforms) = postSolution
		{C10CAC43-3E2C-4BFD-85BA-263828BE28AA}.Debug|Any CPU.ActiveCfg = Debug|Any CPU
		{C10CAC43-3E2C-4BFD-85BA-263828BE28AA}.Debug|Any CPU.Build.0 = Debug|Any CPU
		{C10CAC43-3E2C-4BFD-85BA-263828BE28AA}.Release|Any CPU.ActiveCfg = Release|Any CPU
		{C10CAC43-3E2C-4BFD-85BA-263828BE28AA}.Release|Any CPU.Build.0 = Release|Any CPU
	EndGlobalSection
	GlobalSection(SolutionProperties) = preSolution
		HideSolutionNode = FALSE
	EndGlobalSection
	GlobalSection(ExtensibilityGlobals) = postSolution
		SolutionGuid = {B4CABD52-0636-4FD7-B7B6-D3B0984C1D67}
	EndGlobalSection
EndGlobal
